
Microsoft Visual Studio Solution File, Format Version 12.00
# Visual Studio Version 17
VisualStudioVersion = 17.11.35222.181
MinimumVisualStudioVersion = 10.0.40219.1
Project("{FAE04EC0-301F-11D3-BF4B-00C04F79EFBC}") = "RoutingWithMVC", "RoutingWithMVC\RoutingWithMVC.csproj", "{41187077-ED49-45B3-8E3B-91A5ED4C0F97}"
EndProject
Global
	GlobalSection(SolutionConfigurationPlatforms) = preSolution
		Debug|Any CPU = Debug|Any CPU
		Release|Any CPU = Release|Any CPU
	EndGlobalSection
	GlobalSection(ProjectConfigurationPlatforms) = postSolution
		{41187077-ED49-45B3-8E3B-91A5ED4C0F97}.Debug|Any CPU.ActiveCfg = Debug|Any CPU
		{41187077-ED49-45B3-8E3B-91A5ED4C0F97}.Debug|Any CPU.Build.0 = Debug|Any CPU
		{41187077-ED49-45B3-8E3B-91A5ED4C0F97}.Release|Any CPU.ActiveCfg = Release|Any CPU
		{41187077-ED49-45B3-8E3B-91A5ED4C0F97}.Release|Any CPU.Build.0 = Release|Any CPU
	EndGlobalSection
	GlobalSection(SolutionProperties) = preSolution
		HideSolutionNode = FALSE
	EndGlobalSection
	GlobalSection(ExtensibilityGlobals) = postSolution
		SolutionGuid = {0AA0A50C-2887-4EBD-B3FB-E15FAE0D9622}
	EndGlobalSection
EndGlobal
